// !$*UTF8*$!
{
	archiveVersion = 1;
	classes = {
	};
	objectVersion = 56;
	objects = {

/* Begin PBXBuildFile section */
		7612137129E121DE00EE1F73 /* Er_WaitApp.swift in Sources */ = {isa = PBXBuildFile; fileRef = 7612137029E121DE00EE1F73 /* Er_WaitApp.swift */; };
		7612137329E121DE00EE1F73 /* ContentView.swift in Sources */ = {isa = PBXBuildFile; fileRef = 7612137229E121DE00EE1F73 /* ContentView.swift */; };
		7612137529E121DF00EE1F73 /* Assets.xcassets in Resources */ = {isa = PBXBuildFile; fileRef = 7612137429E121DF00EE1F73 /* Assets.xcassets */; };
		7612137829E121DF00EE1F73 /* Preview Assets.xcassets in Resources */ = {isa = PBXBuildFile; fileRef = 7612137729E121DF00EE1F73 /* Preview Assets.xcassets */; };
		7612138229E121DF00EE1F73 /* Er_WaitTests.swift in Sources */ = {isa = PBXBuildFile; fileRef = 7612138129E121DF00EE1F73 /* Er_WaitTests.swift */; };
		7612138C29E121DF00EE1F73 /* Er_WaitUITests.swift in Sources */ = {isa = PBXBuildFile; fileRef = 7612138B29E121DF00EE1F73 /* Er_WaitUITests.swift */; };
		7612138E29E121DF00EE1F73 /* Er_WaitUITestsLaunchTests.swift in Sources */ = {isa = PBXBuildFile; fileRef = 7612138D29E121DF00EE1F73 /* Er_WaitUITestsLaunchTests.swift */; };
/* End PBXBuildFile section */

/* Begin PBXContainerItemProxy section */
		7612137E29E121DF00EE1F73 /* PBXContainerItemProxy */ = {
			isa = PBXContainerItemProxy;
			containerPortal = 7612136529E121DD00EE1F73 /* Project object */;
			proxyType = 1;
			remoteGlobalIDString = 7612136C29E121DE00EE1F73;
			remoteInfo = Er_Wait;
		};
		7612138829E121DF00EE1F73 /* PBXContainerItemProxy */ = {
			isa = PBXContainerItemProxy;
			containerPortal = 7612136529E121DD00EE1F73 /* Project object */;
			proxyType = 1;
			remoteGlobalIDString = 7612136C29E121DE00EE1F73;
			remoteInfo = Er_Wait;
		};
/* End PBXContainerItemProxy section */

/* Begin PBXFileReference section */
		7612136D29E121DE00EE1F73 /* Er_Wait.app */ = {isa = PBXFileReference; explicitFileType = wrapper.application; includeInIndex = 0; path = Er_Wait.app; sourceTree = BUILT_PRODUCTS_DIR; };
		7612137029E121DE00EE1F73 /* Er_WaitApp.swift */ = {isa = PBXFileReference; lastKnownFileType = sourcecode.swift; path = Er_WaitApp.swift; sourceTree = "<group>"; };
		7612137229E121DE00EE1F73 /* ContentView.swift */ = {isa = PBXFileReference; lastKnownFileType = sourcecode.swift; path = ContentView.swift; sourceTree = "<group>"; };
		7612137429E121DF00EE1F73 /* Assets.xcassets */ = {isa = PBXFileReference; lastKnownFileType = folder.assetcatalog; path = Assets.xcassets; sourceTree = "<group>"; };
		7612137729E121DF00EE1F73 /* Preview Assets.xcassets */ = {isa = PBXFileReference; lastKnownFileType = folder.assetcatalog; path = "Preview Assets.xcassets"; sourceTree = "<group>"; };
		7612137D29E121DF00EE1F73 /* Er_WaitTests.xctest */ = {isa = PBXFileReference; explicitFileType = wrapper.cfbundle; includeInIndex = 0; path = Er_WaitTests.xctest; sourceTree = BUILT_PRODUCTS_DIR; };
		7612138129E121DF00EE1F73 /* Er_WaitTests.swift */ = {isa = PBXFileReference; lastKnownFileType = sourcecode.swift; path = Er_WaitTests.swift; sourceTree = "<group>"; };
		7612138729E121DF00EE1F73 /* Er_WaitUITests.xctest */ = {isa = PBXFileReference; explicitFileType = wrapper.cfbundle; includeInIndex = 0; path = Er_WaitUITests.xctest; sourceTree = BUILT_PRODUCTS_DIR; };
		7612138B29E121DF00EE1F73 /* Er_WaitUITests.swift */ = {isa = PBXFileReference; lastKnownFileType = sourcecode.swift; path = Er_WaitUITests.swift; sourceTree = "<group>"; };
		7612138D29E121DF00EE1F73 /* Er_WaitUITestsLaunchTests.swift */ = {isa = PBXFileReference; lastKnownFileType = sourcecode.swift; path = Er_WaitUITestsLaunchTests.swift; sourceTree = "<group>"; };
/* End PBXFileReference section */

/* Begin PBXFrameworksBuildPhase section */
		7612136A29E121DE00EE1F73 /* Frameworks */ = {
			isa = PBXFrameworksBuildPhase;
			buildActionMask = 2147483647;
			files = (
			);
			runOnlyForDeploymentPostprocessing = 0;
		};
		7612137A29E121DF00EE1F73 /* Frameworks */ = {
			isa = PBXFrameworksBuildPhase;
			buildActionMask = 2147483647;
			files = (
			);
			runOnlyForDeploymentPostprocessing = 0;
		};
		7612138429E121DF00EE1F73 /* Frameworks */ = {
			isa = PBXFrameworksBuildPhase;
			buildActionMask = 2147483647;
			files = (
			);
			runOnlyForDeploymentPostprocessing = 0;
		};
/* End PBXFrameworksBuildPhase section */

/* Begin PBXGroup section */
		7612136429E121DD00EE1F73 = {
			isa = PBXGroup;
			children = (
				7612136F29E121DE00EE1F73 /* Er_Wait */,
				7612138029E121DF00EE1F73 /* Er_WaitTests */,
				7612138A29E121DF00EE1F73 /* Er_WaitUITests */,
				7612136E29E121DE00EE1F73 /* Products */,
			);
			sourceTree = "<group>";
		};
		7612136E29E121DE00EE1F73 /* Products */ = {
			isa = PBXGroup;
			children = (
				7612136D29E121DE00EE1F73 /* Er_Wait.app */,
				7612137D29E121DF00EE1F73 /* Er_WaitTests.xctest */,
				7612138729E121DF00EE1F73 /* Er_WaitUITests.xctest */,
			);
			name = Products;
			sourceTree = "<group>";
		};
		7612136F29E121DE00EE1F73 /* Er_Wait */ = {
			isa = PBXGroup;
			children = (
				7612137029E121DE00EE1F73 /* Er_WaitApp.swift */,
				7612137229E121DE00EE1F73 /* ContentView.swift */,
				7612137429E121DF00EE1F73 /* Assets.xcassets */,
				7612137629E121DF00EE1F73 /* Preview Content */,
			);
			path = Er_Wait;
			sourceTree = "<group>";
		};
		7612137629E121DF00EE1F73 /* Preview Content */ = {
			isa = PBXGroup;
			children = (
				7612137729E121DF00EE1F73 /* Preview Assets.xcassets */,
			);
			path = "Preview Content";
			sourceTree = "<group>";
		};
		7612138029E121DF00EE1F73 /* Er_WaitTests */ = {
			isa = PBXGroup;
			children = (
				7612138129E121DF00EE1F73 /* Er_WaitTests.swift */,
			);
			path = Er_WaitTests;
			sourceTree = "<group>";
		};
		7612138A29E121DF00EE1F73 /* Er_WaitUITests */ = {
			isa = PBXGroup;
			children = (
				7612138B29E121DF00EE1F73 /* Er_WaitUITests.swift */,
				7612138D29E121DF00EE1F73 /* Er_WaitUITestsLaunchTests.swift */,
			);
			path = Er_WaitUITests;
			sourceTree = "<group>";
		};
/* End PBXGroup section */

/* Begin PBXNativeTarget section */
		7612136C29E121DE00EE1F73 /* Er_Wait */ = {
			isa = PBXNativeTarget;
			buildConfigurationList = 7612139129E121DF00EE1F73 /* Build configuration list for PBXNativeTarget "Er_Wait" */;
			buildPhases = (
				7612136929E121DE00EE1F73 /* Sources */,
				7612136A29E121DE00EE1F73 /* Frameworks */,
				7612136B29E121DE00EE1F73 /* Resources */,
			);
			buildRules = (
			);
			dependencies = (
			);
			name = Er_Wait;
			productName = Er_Wait;
			productReference = 7612136D29E121DE00EE1F73 /* Er_Wait.app */;
			productType = "com.apple.product-type.application";
		};
		7612137C29E121DF00EE1F73 /* Er_WaitTests */ = {
			isa = PBXNativeTarget;
			buildConfigurationList = 7612139429E121DF00EE1F73 /* Build configuration list for PBXNativeTarget "Er_WaitTests" */;
			buildPhases = (
				7612137929E121DF00EE1F73 /* Sources */,
				7612137A29E121DF00EE1F73 /* Frameworks */,
				7612137B29E121DF00EE1F73 /* Resources */,
			);
			buildRules = (
			);
			dependencies = (
				7612137F29E121DF00EE1F73 /* PBXTargetDependency */,
			);
			name = Er_WaitTests;
			productName = Er_WaitTests;
			productReference = 7612137D29E121DF00EE1F73 /* Er_WaitTests.xctest */;
			productType = "com.apple.product-type.bundle.unit-test";
		};
		7612138629E121DF00EE1F73 /* Er_WaitUITests */ = {
			isa = PBXNativeTarget;
			buildConfigurationList = 7612139729E121DF00EE1F73 /* Build configuration list for PBXNativeTarget "Er_WaitUITests" */;
			buildPhases = (
				7612138329E121DF00EE1F73 /* Sources */,
				7612138429E121DF00EE1F73 /* Frameworks */,
				7612138529E121DF00EE1F73 /* Resources */,
			);
			buildRules = (
			);
			dependencies = (
				7612138929E121DF00EE1F73 /* PBXTargetDependency */,
			);
			name = Er_WaitUITests;
			productName = Er_WaitUITests;
			productReference = 7612138729E121DF00EE1F73 /* Er_WaitUITests.xctest */;
			productType = "com.apple.product-type.bundle.ui-testing";
		};
/* End PBXNativeTarget section */

/* Begin PBXProject section */
		7612136529E121DD00EE1F73 /* Project object */ = {
			isa = PBXProject;
			attributes = {
				BuildIndependentTargetsInParallel = 1;
				LastSwiftUpdateCheck = 1430;
				LastUpgradeCheck = 1430;
				TargetAttributes = {
					7612136C29E121DE00EE1F73 = {
						CreatedOnToolsVersion = 14.3;
					};
					7612137C29E121DF00EE1F73 = {
						CreatedOnToolsVersion = 14.3;
						TestTargetID = 7612136C29E121DE00EE1F73;
					};
					7612138629E121DF00EE1F73 = {
						CreatedOnToolsVersion = 14.3;
						TestTargetID = 7612136C29E121DE00EE1F73;
					};
				};
			};
			buildConfigurationList = 7612136829E121DD00EE1F73 /* Build configuration list for PBXProject "Er_Wait" */;
			compatibilityVersion = "Xcode 14.0";
			developmentRegion = en;
			hasScannedForEncodings = 0;
			knownRegions = (
				en,
				Base,
			);
			mainGroup = 7612136429E121DD00EE1F73;
			productRefGroup = 7612136E29E121DE00EE1F73 /* Products */;
			projectDirPath = "";
			projectRoot = "";
			targets = (
				7612136C29E121DE00EE1F73 /* Er_Wait */,
				7612137C29E121DF00EE1F73 /* Er_WaitTests */,
				7612138629E121DF00EE1F73 /* Er_WaitUITests */,
			);
		};
/* End PBXProject section */

/* Begin PBXResourcesBuildPhase section */
		7612136B29E121DE00EE1F73 /* Resources */ = {
			isa = PBXResourcesBuildPhase;
			buildActionMask = 2147483647;
			files = (
				7612137829E121DF00EE1F73 /* Preview Assets.xcassets in Resources */,
				7612137529E121DF00EE1F73 /* Assets.xcassets in Resources */,
			);
			runOnlyForDeploymentPostprocessing = 0;
		};
		7612137B29E121DF00EE1F73 /* Resources */ = {
			isa = PBXResourcesBuildPhase;
			buildActionMask = 2147483647;
			files = (
			);
			runOnlyForDeploymentPostprocessing = 0;
		};
		7612138529E121DF00EE1F73 /* Resources */ = {
			isa = PBXResourcesBuildPhase;
			buildActionMask = 2147483647;
			files = (
			);
			runOnlyForDeploymentPostprocessing = 0;
		};
/* End PBXResourcesBuildPhase section */

/* Begin PBXSourcesBuildPhase section */
		7612136929E121DE00EE1F73 /* Sources */ = {
			isa = PBXSourcesBuildPhase;
			buildActionMask = 2147483647;
			files = (
				7612137329E121DE00EE1F73 /* ContentView.swift in Sources */,
				7612137129E121DE00EE1F73 /* Er_WaitApp.swift in Sources */,
			);
			runOnlyForDeploymentPostprocessing = 0;
		};
		7612137929E121DF00EE1F73 /* Sources */ = {
			isa = PBXSourcesBuildPhase;
			buildActionMask = 2147483647;
			files = (
				7612138229E121DF00EE1F73 /* Er_WaitTests.swift in Sources */,
			);
			runOnlyForDeploymentPostprocessing = 0;
		};
		7612138329E121DF00EE1F73 /* Sources */ = {
			isa = PBXSourcesBuildPhase;
			buildActionMask = 2147483647;
			files = (
				7612138E29E121DF00EE1F73 /* Er_WaitUITestsLaunchTests.swift in Sources */,
				7612138C29E121DF00EE1F73 /* Er_WaitUITests.swift in Sources */,
			);
			runOnlyForDeploymentPostprocessing = 0;
		};
/* End PBXSourcesBuildPhase section */

/* Begin PBXTargetDependency section */
		7612137F29E121DF00EE1F73 /* PBXTargetDependency */ = {
			isa = PBXTargetDependency;
			target = 7612136C29E121DE00EE1F73 /* Er_Wait */;
			targetProxy = 7612137E29E121DF00EE1F73 /* PBXContainerItemProxy */;
		};
		7612138929E121DF00EE1F73 /* PBXTargetDependency */ = {
			isa = PBXTargetDependency;
			target = 7612136C29E121DE00EE1F73 /* Er_Wait */;
			targetProxy = 7612138829E121DF00EE1F73 /* PBXContainerItemProxy */;
		};
/* End PBXTargetDependency section */

/* Begin XCBuildConfiguration section */
		7612138F29E121DF00EE1F73 /* Debug */ = {
			isa = XCBuildConfiguration;
			buildSettings = {
				ALWAYS_SEARCH_USER_PATHS = NO;
				CLANG_ANALYZER_NONNULL = YES;
				CLANG_ANALYZER_NUMBER_OBJECT_CONVERSION = YES_AGGRESSIVE;
				CLANG_CXX_LANGUAGE_STANDARD = "gnu++20";
				CLANG_ENABLE_MODULES = YES;
				CLANG_ENABLE_OBJC_ARC = YES;
				CLANG_ENABLE_OBJC_WEAK = YES;
				CLANG_WARN_BLOCK_CAPTURE_AUTORELEASING = YES;
				CLANG_WARN_BOOL_CONVERSION = YES;
				CLANG_WARN_COMMA = YES;
				CLANG_WARN_CONSTANT_CONVERSION = YES;
				CLANG_WARN_DEPRECATED_OBJC_IMPLEMENTATIONS = YES;
				CLANG_WARN_DIRECT_OBJC_ISA_USAGE = YES_ERROR;
				CLANG_WARN_DOCUMENTATION_COMMENTS = YES;
				CLANG_WARN_EMPTY_BODY = YES;
				CLANG_WARN_ENUM_CONVERSION = YES;
				CLANG_WARN_INFINITE_RECURSION = YES;
				CLANG_WARN_INT_CONVERSION = YES;
				CLANG_WARN_NON_LITERAL_NULL_CONVERSION = YES;
				CLANG_WARN_OBJC_IMPLICIT_RETAIN_SELF = YES;
				CLANG_WARN_OBJC_LITERAL_CONVERSION = YES;
				CLANG_WARN_OBJC_ROOT_CLASS = YES_ERROR;
				CLANG_WARN_QUOTED_INCLUDE_IN_FRAMEWORK_HEADER = YES;
				CLANG_WARN_RANGE_LOOP_ANALYSIS = YES;
				CLANG_WARN_STRICT_PROTOTYPES = YES;
				CLANG_WARN_SUSPICIOUS_MOVE = YES;
				CLANG_WARN_UNGUARDED_AVAILABILITY = YES_AGGRESSIVE;
				CLANG_WARN_UNREACHABLE_CODE = YES;
				CLANG_WARN__DUPLICATE_METHOD_MATCH = YES;
				COPY_PHASE_STRIP = NO;
				DEBUG_INFORMATION_FORMAT = dwarf;
				ENABLE_STRICT_OBJC_MSGSEND = YES;
				ENABLE_TESTABILITY = YES;
				GCC_C_LANGUAGE_STANDARD = gnu11;
				GCC_DYNAMIC_NO_PIC = NO;
				GCC_NO_COMMON_BLOCKS = YES;
				GCC_OPTIMIZATION_LEVEL = 0;
				GCC_PREPROCESSOR_DEFINITIONS = (
					"DEBUG=1",
					"$(inherited)",
				);
				GCC_WARN_64_TO_32_BIT_CONVERSION = YES;
				GCC_WARN_ABOUT_RETURN_TYPE = YES_ERROR;
				GCC_WARN_UNDECLARED_SELECTOR = YES;
				GCC_WARN_UNINITIALIZED_AUTOS = YES_AGGRESSIVE;
				GCC_WARN_UNUSED_FUNCTION = YES;
				GCC_WARN_UNUSED_VARIABLE = YES;
				IPHONEOS_DEPLOYMENT_TARGET = 16.4;
				MTL_ENABLE_DEBUG_INFO = INCLUDE_SOURCE;
				MTL_FAST_MATH = YES;
				ONLY_ACTIVE_ARCH = YES;
				SDKROOT = iphoneos;
				SWIFT_ACTIVE_COMPILATION_CONDITIONS = DEBUG;
				SWIFT_OPTIMIZATION_LEVEL = "-Onone";
			};
			name = Debug;
		};
		7612139029E121DF00EE1F73 /* Release */ = {
			isa = XCBuildConfiguration;
			buildSettings = {
				ALWAYS_SEARCH_USER_PATHS = NO;
				CLANG_ANALYZER_NONNULL = YES;
				CLANG_ANALYZER_NUMBER_OBJECT_CONVERSION = YES_AGGRESSIVE;
				CLANG_CXX_LANGUAGE_STANDARD = "gnu++20";
				CLANG_ENABLE_MODULES = YES;
				CLANG_ENABLE_OBJC_ARC = YES;
				CLANG_ENABLE_OBJC_WEAK = YES;
				CLANG_WARN_BLOCK_CAPTURE_AUTORELEASING = YES;
				CLANG_WARN_BOOL_CONVERSION = YES;
				CLANG_WARN_COMMA = YES;
				CLANG_WARN_CONSTANT_CONVERSION = YES;
				CLANG_WARN_DEPRECATED_OBJC_IMPLEMENTATIONS = YES;
				CLANG_WARN_DIRECT_OBJC_ISA_USAGE = YES_ERROR;
				CLANG_WARN_DOCUMENTATION_COMMENTS = YES;
				CLANG_WARN_EMPTY_BODY = YES;
				CLANG_WARN_ENUM_CONVERSION = YES;
				CLANG_WARN_INFINITE_RECURSION = YES;
				CLANG_WARN_INT_CONVERSION = YES;
				CLANG_WARN_NON_LITERAL_NULL_CONVERSION = YES;
				CLANG_WARN_OBJC_IMPLICIT_RETAIN_SELF = YES;
				CLANG_WARN_OBJC_LITERAL_CONVERSION = YES;
				CLANG_WARN_OBJC_ROOT_CLASS = YES_ERROR;
				CLANG_WARN_QUOTED_INCLUDE_IN_FRAMEWORK_HEADER = YES;
				CLANG_WARN_RANGE_LOOP_ANALYSIS = YES;
				CLANG_WARN_STRICT_PROTOTYPES = YES;
				CLANG_WARN_SUSPICIOUS_MOVE = YES;
				CLANG_WARN_UNGUARDED_AVAILABILITY = YES_AGGRESSIVE;
				CLANG_WARN_UNREACHABLE_CODE = YES;
				CLANG_WARN__DUPLICATE_METHOD_MATCH = YES;
				COPY_PHASE_STRIP = NO;
				DEBUG_INFORMATION_FORMAT = "dwarf-with-dsym";
				ENABLE_NS_ASSERTIONS = NO;
				ENABLE_STRICT_OBJC_MSGSEND = YES;
				GCC_C_LANGUAGE_STANDARD = gnu11;
				GCC_NO_COMMON_BLOCKS = YES;
				GCC_WARN_64_TO_32_BIT_CONVERSION = YES;
				GCC_WARN_ABOUT_RETURN_TYPE = YES_ERROR;
				GCC_WARN_UNDECLARED_SELECTOR = YES;
				GCC_WARN_UNINITIALIZED_AUTOS = YES_AGGRESSIVE;
				GCC_WARN_UNUSED_FUNCTION = YES;
				GCC_WARN_UNUSED_VARIABLE = YES;
				IPHONEOS_DEPLOYMENT_TARGET = 16.4;
				MTL_ENABLE_DEBUG_INFO = NO;
				MTL_FAST_MATH = YES;
				SDKROOT = iphoneos;
				SWIFT_COMPILATION_MODE = wholemodule;
				SWIFT_OPTIMIZATION_LEVEL = "-O";
				VALIDATE_PRODUCT = YES;
			};
			name = Release;
		};
		7612139229E121DF00EE1F73 /* Debug */ = {
			isa = XCBuildConfiguration;
			buildSettings = {
				ASSETCATALOG_COMPILER_APPICON_NAME = AppIcon;
				ASSETCATALOG_COMPILER_GLOBAL_ACCENT_COLOR_NAME = AccentColor;
				CODE_SIGN_STYLE = Automatic;
				CURRENT_PROJECT_VERSION = 1;
				DEVELOPMENT_ASSET_PATHS = "\"Er_Wait/Preview Content\"";
				ENABLE_PREVIEWS = YES;
				GENERATE_INFOPLIST_FILE = YES;
				INFOPLIST_KEY_UIApplicationSceneManifest_Generation = YES;
				INFOPLIST_KEY_UIApplicationSupportsIndirectInputEvents = YES;
				INFOPLIST_KEY_UILaunchScreen_Generation = YES;
				INFOPLIST_KEY_UISupportedInterfaceOrientations_iPad = "UIInterfaceOrientationPortrait UIInterfaceOrientationPortraitUpsideDown UIInterfaceOrientationLandscapeLeft UIInterfaceOrientationLandscapeRight";
				INFOPLIST_KEY_UISupportedInterfaceOrientations_iPhone = "UIInterfaceOrientationPortrait UIInterfaceOrientationLandscapeLeft UIInterfaceOrientationLandscapeRight";
				LD_RUNPATH_SEARCH_PATHS = (
					"$(inherited)",
					"@executable_path/Frameworks",
				);
				MARKETING_VERSION = 1.0;
				PRODUCT_BUNDLE_IDENTIFIER = "AARK.Er-Wait";
				PRODUCT_NAME = "$(TARGET_NAME)";
				SWIFT_EMIT_LOC_STRINGS = YES;
				SWIFT_VERSION = 5.0;
				TARGETED_DEVICE_FAMILY = "1,2";
			};
			name = Debug;
		};
		7612139329E121DF00EE1F73 /* Release */ = {
			isa = XCBuildConfiguration;
			buildSettings = {
				ASSETCATALOG_COMPILER_APPICON_NAME = AppIcon;
				ASSETCATALOG_COMPILER_GLOBAL_ACCENT_COLOR_NAME = AccentColor;
				CODE_SIGN_STYLE = Automatic;
				CURRENT_PROJECT_VERSION = 1;
				DEVELOPMENT_ASSET_PATHS = "\"Er_Wait/Preview Content\"";
				ENABLE_PREVIEWS = YES;
				GENERATE_INFOPLIST_FILE = YES;
				INFOPLIST_KEY_UIApplicationSceneManifest_Generation = YES;
				INFOPLIST_KEY_UIApplicationSupportsIndirectInputEvents = YES;
				INFOPLIST_KEY_UILaunchScreen_Generation = YES;
				INFOPLIST_KEY_UISupportedInterfaceOrientations_iPad = "UIInterfaceOrientationPortrait UIInterfaceOrientationPortraitUpsideDown UIInterfaceOrientationLandscapeLeft UIInterfaceOrientationLandscapeRight";
				INFOPLIST_KEY_UISupportedInterfaceOrientations_iPhone = "UIInterfaceOrientationPortrait UIInterfaceOrientationLandscapeLeft UIInterfaceOrientationLandscapeRight";
				LD_RUNPATH_SEARCH_PATHS = (
					"$(inherited)",
					"@executable_path/Frameworks",
				);
				MARKETING_VERSION = 1.0;
				PRODUCT_BUNDLE_IDENTIFIER = "AARK.Er-Wait";
				PRODUCT_NAME = "$(TARGET_NAME)";
				SWIFT_EMIT_LOC_STRINGS = YES;
				SWIFT_VERSION = 5.0;
				TARGETED_DEVICE_FAMILY = "1,2";
			};
			name = Release;
		};
		7612139529E121DF00EE1F73 /* Debug */ = {
			isa = XCBuildConfiguration;
			buildSettings = {
				ALWAYS_EMBED_SWIFT_STANDARD_LIBRARIES = YES;
				BUNDLE_LOADER = "$(TEST_HOST)";
				CODE_SIGN_STYLE = Automatic;
				CURRENT_PROJECT_VERSION = 1;
				GENERATE_INFOPLIST_FILE = YES;
				IPHONEOS_DEPLOYMENT_TARGET = 16.4;
				MARKETING_VERSION = 1.0;
				PRODUCT_BUNDLE_IDENTIFIER = "AARK.Er-WaitTests";
				PRODUCT_NAME = "$(TARGET_NAME)";
				SWIFT_EMIT_LOC_STRINGS = NO;
				SWIFT_VERSION = 5.0;
				TARGETED_DEVICE_FAMILY = "1,2";
				TEST_HOST = "$(BUILT_PRODUCTS_DIR)/Er_Wait.app/$(BUNDLE_EXECUTABLE_FOLDER_PATH)/Er_Wait";
			};
			name = Debug;
		};
		7612139629E121DF00EE1F73 /* Release */ = {
			isa = XCBuildConfiguration;
			buildSettings = {
				ALWAYS_EMBED_SWIFT_STANDARD_LIBRARIES = YES;
				BUNDLE_LOADER = "$(TEST_HOST)";
				CODE_SIGN_STYLE = Automatic;
				CURRENT_PROJECT_VERSION = 1;
				GENERATE_INFOPLIST_FILE = YES;
				IPHONEOS_DEPLOYMENT_TARGET = 16.4;
				MARKETING_VERSION = 1.0;
				PRODUCT_BUNDLE_IDENTIFIER = "AARK.Er-WaitTests";
				PRODUCT_NAME = "$(TARGET_NAME)";
				SWIFT_EMIT_LOC_STRINGS = NO;
				SWIFT_VERSION = 5.0;
				TARGETED_DEVICE_FAMILY = "1,2";
				TEST_HOST = "$(BUILT_PRODUCTS_DIR)/Er_Wait.app/$(BUNDLE_EXECUTABLE_FOLDER_PATH)/Er_Wait";
			};
			name = Release;
		};
		7612139829E121DF00EE1F73 /* Debug */ = {
			isa = XCBuildConfiguration;
			buildSettings = {
				ALWAYS_EMBED_SWIFT_STANDARD_LIBRARIES = YES;
				CODE_SIGN_STYLE = Automatic;
				CURRENT_PROJECT_VERSION = 1;
				GENERATE_INFOPLIST_FILE = YES;
				MARKETING_VERSION = 1.0;
				PRODUCT_BUNDLE_IDENTIFIER = "AARK.Er-WaitUITests";
				PRODUCT_NAME = "$(TARGET_NAME)";
				SWIFT_EMIT_LOC_STRINGS = NO;
				SWIFT_VERSION = 5.0;
				TARGETED_DEVICE_FAMILY = "1,2";
				TEST_TARGET_NAME = Er_Wait;
			};
			name = Debug;
		};
		7612139929E121DF00EE1F73 /* Release */ = {
			isa = XCBuildConfiguration;
			buildSettings = {
				ALWAYS_EMBED_SWIFT_STANDARD_LIBRARIES = YES;
				CODE_SIGN_STYLE = Automatic;
				CURRENT_PROJECT_VERSION = 1;
				GENERATE_INFOPLIST_FILE = YES;
				MARKETING_VERSION = 1.0;
				PRODUCT_BUNDLE_IDENTIFIER = "AARK.Er-WaitUITests";
				PRODUCT_NAME = "$(TARGET_NAME)";
				SWIFT_EMIT_LOC_STRINGS = NO;
				SWIFT_VERSION = 5.0;
				TARGETED_DEVICE_FAMILY = "1,2";
				TEST_TARGET_NAME = Er_Wait;
			};
			name = Release;
		};
/* End XCBuildConfiguration section */

/* Begin XCConfigurationList section */
		7612136829E121DD00EE1F73 /* Build configuration list for PBXProject "Er_Wait" */ = {
			isa = XCConfigurationList;
			buildConfigurations = (
				7612138F29E121DF00EE1F73 /* Debug */,
				7612139029E121DF00EE1F73 /* Release */,
			);
			defaultConfigurationIsVisible = 0;
			defaultConfigurationName = Release;
		};
		7612139129E121DF00EE1F73 /* Build configuration list for PBXNativeTarget "Er_Wait" */ = {
			isa = XCConfigurationList;
			buildConfigurations = (
				7612139229E121DF00EE1F73 /* Debug */,
				7612139329E121DF00EE1F73 /* Release */,
			);
			defaultConfigurationIsVisible = 0;
			defaultConfigurationName = Release;
		};
		7612139429E121DF00EE1F73 /* Build configuration list for PBXNativeTarget "Er_WaitTests" */ = {
			isa = XCConfigurationList;
			buildConfigurations = (
				7612139529E121DF00EE1F73 /* Debug */,
				7612139629E121DF00EE1F73 /* Release */,
			);
			defaultConfigurationIsVisible = 0;
			defaultConfigurationName = Release;
		};
		7612139729E121DF00EE1F73 /* Build configuration list for PBXNativeTarget "Er_WaitUITests" */ = {
			isa = XCConfigurationList;
			buildConfigurations = (
				7612139829E121DF00EE1F73 /* Debug */,
				7612139929E121DF00EE1F73 /* Release */,
			);
			defaultConfigurationIsVisible = 0;
			defaultConfigurationName = Release;
		};
/* End XCConfigurationList section */
	};
	rootObject = 7612136529E121DD00EE1F73 /* Project object */;
}
